
Microsoft Visual Studio Solution File, Format Version 12.00
# Visual Studio Version 17
VisualStudioVersion = 17.10.35013.160
MinimumVisualStudioVersion = 10.0.40219.1
Project("{9A19103F-16F7-4668-BE54-9A1E7A4F7556}") = "WebApplication1", "WebApplication1.csproj", "{55D565B9-C4FF-4B78-949F-71CE2C5D8E98}"
EndProject
Global
	GlobalSection(SolutionConfigurationPlatforms) = preSolution
		Debug|Any CPU = Debug|Any CPU
		Release|Any CPU = Release|Any CPU
	EndGlobalSection
	GlobalSection(ProjectConfigurationPlatforms) = postSolution
		{55D565B9-C4FF-4B78-949F-71CE2C5D8E98}.Debug|Any CPU.ActiveCfg = Debug|Any CPU
		{55D565B9-C4FF-4B78-949F-71CE2C5D8E98}.Debug|Any CPU.Build.0 = Debug|Any CPU
		{55D565B9-C4FF-4B78-949F-71CE2C5D8E98}.Release|Any CPU.ActiveCfg = Release|Any CPU
		{55D565B9-C4FF-4B78-949F-71CE2C5D8E98}.Release|Any CPU.Build.0 = Release|Any CPU
	EndGlobalSection
	GlobalSection(SolutionProperties) = preSolution
		HideSolutionNode = FALSE
	EndGlobalSection
	GlobalSection(ExtensibilityGlobals) = postSolution
		SolutionGuid = {DD560B4B-180B-4B11-B3C4-360607D5590F}
	EndGlobalSection
EndGlobal
